
Microsoft Visual Studio Solution File, Format Version 12.00
# Visual Studio Version 17
VisualStudioVersion = 17.12.35309.182
MinimumVisualStudioVersion = 10.0.40219.1
Project("{FAE04EC0-301F-11D3-BF4B-00C04F79EFBC}") = "StrategyPattern", "StrategyPattern\StrategyPattern.csproj", "{AB12B428-DDCD-4E55-8F47-C5F95538D6A1}"
EndProject
Project("{FAE04EC0-301F-11D3-BF4B-00C04F79EFBC}") = "SingletonPattern", "SingletonPattern\SingletonPattern.csproj", "{2B920A6D-45A5-4B4A-9A52-E4E7D60C9C37}"
EndProject
Project("{FAE04EC0-301F-11D3-BF4B-00C04F79EFBC}") = "CommandPattern", "CommandPattern\CommandPattern.csproj", "{A8E574ED-ABB1-492B-86B4-94D04495581F}"
EndProject
Project("{FAE04EC0-301F-11D3-BF4B-00C04F79EFBC}") = "BuilderPattern", "BuilderPattern\BuilderPattern.csproj", "{3BA8F22B-530C-4435-8DBB-A2FBB7EC2A8C}"
EndProject
Project("{FAE04EC0-301F-11D3-BF4B-00C04F79EFBC}") = "DecoratorPattern", "DecoratorPattern\DecoratorPattern.csproj", "{346BE79D-7C6B-4AF7-BABC-ECC3B06A35C2}"
EndProject
Project("{FAE04EC0-301F-11D3-BF4B-00C04F79EFBC}") = "MediatorPattern", "MediatorPattern\MediatorPattern.csproj", "{8047F0E3-21D6-4634-8F41-8F2C0DB25A55}"
EndProject
Project("{FAE04EC0-301F-11D3-BF4B-00C04F79EFBC}") = "AbstractFactoryPattern", "AbstractFactoryPattern\AbstractFactoryPattern.csproj", "{DBC70EF7-B2FD-4303-9B84-3D2346A7D1A4}"
EndProject
Project("{FAE04EC0-301F-11D3-BF4B-00C04F79EFBC}") = "FactoryPattern", "FactoryPattern\FactoryPattern.csproj", "{EAE977EE-7585-4DC4-95EF-429EE1BEE095}"
EndProject
Project("{FAE04EC0-301F-11D3-BF4B-00C04F79EFBC}") = "AdapterPattern", "AdapterPattern\AdapterPattern.csproj", "{8B478EB4-2DCC-404D-B0E1-F6A5FB398CC8}"
EndProject
Project("{FAE04EC0-301F-11D3-BF4B-00C04F79EFBC}") = "ChainOfResponsibility", "ChainOfResponsibility\ChainOfResponsibility.csproj", "{5AF81657-941D-4A90-9A44-B1629F246D9A}"
EndProject
Project("{FAE04EC0-301F-11D3-BF4B-00C04F79EFBC}") = "CompositePattern", "CompositePattern\CompositePattern.csproj", "{23951C54-75A0-41BA-AF8D-143DA4AF5DFA}"
EndProject
Project("{2150E333-8FDC-42A3-9474-1A3956D46DE8}") = "DesignCricbuzz", "DesignCricbuzz", "{6C8EBDB4-B01F-4136-83F2-DD9AA0D7E8B6}"
EndProject
Project("{FAE04EC0-301F-11D3-BF4B-00C04F79EFBC}") = "Cricbuzz", "Cricbuzz\Cricbuzz.csproj", "{C47AB45F-68A8-4BCA-9350-E404E3B956F9}"
EndProject
Project("{2150E333-8FDC-42A3-9474-1A3956D46DE8}") = "DesignTicTacToe", "DesignTicTacToe", "{F77560B9-C2EB-4FD7-A7A5-1DBEDC8BF505}"
EndProject
Project("{FAE04EC0-301F-11D3-BF4B-00C04F79EFBC}") = "TicTacToe", "TicTacToe\TicTacToe.csproj", "{D07ACABA-5DE4-4D10-A2B1-0D616F4483F6}"
EndProject
Project("{2150E333-8FDC-42A3-9474-1A3956D46DE8}") = "DesignBoundedBlockingQueue", "DesignBoundedBlockingQueue", "{B1EF76C3-61D4-4E10-8812-555AE9B7AE62}"
EndProject
Project("{FAE04EC0-301F-11D3-BF4B-00C04F79EFBC}") = "BoundedBlockingQueue", "BoundedBlockingQueue\BoundedBlockingQueue.csproj", "{5B60545E-3C60-46B1-A4B3-93BB3667E37B}"
EndProject
Global
	GlobalSection(SolutionConfigurationPlatforms) = preSolution
		Debug|Any CPU = Debug|Any CPU
		Release|Any CPU = Release|Any CPU
	EndGlobalSection
	GlobalSection(ProjectConfigurationPlatforms) = postSolution
		{AB12B428-DDCD-4E55-8F47-C5F95538D6A1}.Debug|Any CPU.ActiveCfg = Debug|Any CPU
		{AB12B428-DDCD-4E55-8F47-C5F95538D6A1}.Debug|Any CPU.Build.0 = Debug|Any CPU
		{AB12B428-DDCD-4E55-8F47-C5F95538D6A1}.Release|Any CPU.ActiveCfg = Release|Any CPU
		{AB12B428-DDCD-4E55-8F47-C5F95538D6A1}.Release|Any CPU.Build.0 = Release|Any CPU
		{2B920A6D-45A5-4B4A-9A52-E4E7D60C9C37}.Debug|Any CPU.ActiveCfg = Debug|Any CPU
		{2B920A6D-45A5-4B4A-9A52-E4E7D60C9C37}.Debug|Any CPU.Build.0 = Debug|Any CPU
		{2B920A6D-45A5-4B4A-9A52-E4E7D60C9C37}.Release|Any CPU.ActiveCfg = Release|Any CPU
		{2B920A6D-45A5-4B4A-9A52-E4E7D60C9C37}.Release|Any CPU.Build.0 = Release|Any CPU
		{A8E574ED-ABB1-492B-86B4-94D04495581F}.Debug|Any CPU.ActiveCfg = Debug|Any CPU
		{A8E574ED-ABB1-492B-86B4-94D04495581F}.Debug|Any CPU.Build.0 = Debug|Any CPU
		{A8E574ED-ABB1-492B-86B4-94D04495581F}.Release|Any CPU.ActiveCfg = Release|Any CPU
		{A8E574ED-ABB1-492B-86B4-94D04495581F}.Release|Any CPU.Build.0 = Release|Any CPU
		{3BA8F22B-530C-4435-8DBB-A2FBB7EC2A8C}.Debug|Any CPU.ActiveCfg = Debug|Any CPU
		{3BA8F22B-530C-4435-8DBB-A2FBB7EC2A8C}.Debug|Any CPU.Build.0 = Debug|Any CPU
		{3BA8F22B-530C-4435-8DBB-A2FBB7EC2A8C}.Release|Any CPU.ActiveCfg = Release|Any CPU
		{3BA8F22B-530C-4435-8DBB-A2FBB7EC2A8C}.Release|Any CPU.Build.0 = Release|Any CPU
		{346BE79D-7C6B-4AF7-BABC-ECC3B06A35C2}.Debug|Any CPU.ActiveCfg = Debug|Any CPU
		{346BE79D-7C6B-4AF7-BABC-ECC3B06A35C2}.Debug|Any CPU.Build.0 = Debug|Any CPU
		{346BE79D-7C6B-4AF7-BABC-ECC3B06A35C2}.Release|Any CPU.ActiveCfg = Release|Any CPU
		{346BE79D-7C6B-4AF7-BABC-ECC3B06A35C2}.Release|Any CPU.Build.0 = Release|Any CPU
		{8047F0E3-21D6-4634-8F41-8F2C0DB25A55}.Debug|Any CPU.ActiveCfg = Debug|Any CPU
		{8047F0E3-21D6-4634-8F41-8F2C0DB25A55}.Debug|Any CPU.Build.0 = Debug|Any CPU
		{8047F0E3-21D6-4634-8F41-8F2C0DB25A55}.Release|Any CPU.ActiveCfg = Release|Any CPU
		{8047F0E3-21D6-4634-8F41-8F2C0DB25A55}.Release|Any CPU.Build.0 = Release|Any CPU
		{DBC70EF7-B2FD-4303-9B84-3D2346A7D1A4}.Debug|Any CPU.ActiveCfg = Debug|Any CPU
		{DBC70EF7-B2FD-4303-9B84-3D2346A7D1A4}.Debug|Any CPU.Build.0 = Debug|Any CPU
		{DBC70EF7-B2FD-4303-9B84-3D2346A7D1A4}.Release|Any CPU.ActiveCfg = Release|Any CPU
		{DBC70EF7-B2FD-4303-9B84-3D2346A7D1A4}.Release|Any CPU.Build.0 = Release|Any CPU
		{EAE977EE-7585-4DC4-95EF-429EE1BEE095}.Debug|Any CPU.ActiveCfg = Debug|Any CPU
		{EAE977EE-7585-4DC4-95EF-429EE1BEE095}.Debug|Any CPU.Build.0 = Debug|Any CPU
		{EAE977EE-7585-4DC4-95EF-429EE1BEE095}.Release|Any CPU.ActiveCfg = Release|Any CPU
		{EAE977EE-7585-4DC4-95EF-429EE1BEE095}.Release|Any CPU.Build.0 = Release|Any CPU
		{8B478EB4-2DCC-404D-B0E1-F6A5FB398CC8}.Debug|Any CPU.ActiveCfg = Debug|Any CPU
		{8B478EB4-2DCC-404D-B0E1-F6A5FB398CC8}.Debug|Any CPU.Build.0 = Debug|Any CPU
		{8B478EB4-2DCC-404D-B0E1-F6A5FB398CC8}.Release|Any CPU.ActiveCfg = Release|Any CPU
		{8B478EB4-2DCC-404D-B0E1-F6A5FB398CC8}.Release|Any CPU.Build.0 = Release|Any CPU
		{5AF81657-941D-4A90-9A44-B1629F246D9A}.Debug|Any CPU.ActiveCfg = Debug|Any CPU
		{5AF81657-941D-4A90-9A44-B1629F246D9A}.Debug|Any CPU.Build.0 = Debug|Any CPU
		{5AF81657-941D-4A90-9A44-B1629F246D9A}.Release|Any CPU.ActiveCfg = Release|Any CPU
		{5AF81657-941D-4A90-9A44-B1629F246D9A}.Release|Any CPU.Build.0 = Release|Any CPU
		{23951C54-75A0-41BA-AF8D-143DA4AF5DFA}.Debug|Any CPU.ActiveCfg = Debug|Any CPU
		{23951C54-75A0-41BA-AF8D-143DA4AF5DFA}.Debug|Any CPU.Build.0 = Debug|Any CPU
		{23951C54-75A0-41BA-AF8D-143DA4AF5DFA}.Release|Any CPU.ActiveCfg = Release|Any CPU
		{23951C54-75A0-41BA-AF8D-143DA4AF5DFA}.Release|Any CPU.Build.0 = Release|Any CPU
		{C47AB45F-68A8-4BCA-9350-E404E3B956F9}.Debug|Any CPU.ActiveCfg = Debug|Any CPU
		{C47AB45F-68A8-4BCA-9350-E404E3B956F9}.Debug|Any CPU.Build.0 = Debug|Any CPU
		{C47AB45F-68A8-4BCA-9350-E404E3B956F9}.Release|Any CPU.ActiveCfg = Release|Any CPU
		{C47AB45F-68A8-4BCA-9350-E404E3B956F9}.Release|Any CPU.Build.0 = Release|Any CPU
		{D07ACABA-5DE4-4D10-A2B1-0D616F4483F6}.Debug|Any CPU.ActiveCfg = Debug|Any CPU
		{D07ACABA-5DE4-4D10-A2B1-0D616F4483F6}.Debug|Any CPU.Build.0 = Debug|Any CPU
		{D07ACABA-5DE4-4D10-A2B1-0D616F4483F6}.Release|Any CPU.ActiveCfg = Release|Any CPU
		{D07ACABA-5DE4-4D10-A2B1-0D616F4483F6}.Release|Any CPU.Build.0 = Release|Any CPU
		{5B60545E-3C60-46B1-A4B3-93BB3667E37B}.Debug|Any CPU.ActiveCfg = Debug|Any CPU
		{5B60545E-3C60-46B1-A4B3-93BB3667E37B}.Debug|Any CPU.Build.0 = Debug|Any CPU
		{5B60545E-3C60-46B1-A4B3-93BB3667E37B}.Release|Any CPU.ActiveCfg = Release|Any CPU
		{5B60545E-3C60-46B1-A4B3-93BB3667E37B}.Release|Any CPU.Build.0 = Release|Any CPU
	EndGlobalSection
	GlobalSection(SolutionProperties) = preSolution
		HideSolutionNode = FALSE
	EndGlobalSection
	GlobalSection(ExtensibilityGlobals) = postSolution
		SolutionGuid = {53432A37-5215-4476-917D-2CE77D24CCAD}
	EndGlobalSection
	GlobalSection(NestedProjects) = preSolution
		{C47AB45F-68A8-4BCA-9350-E404E3B956F9} = {6C8EBDB4-B01F-4136-83F2-DD9AA0D7E8B6}
		{D07ACABA-5DE4-4D10-A2B1-0D616F4483F6} = {F77560B9-C2EB-4FD7-A7A5-1DBEDC8BF505}
		{5B60545E-3C60-46B1-A4B3-93BB3667E37B} = {B1EF76C3-61D4-4E10-8812-555AE9B7AE62}
	EndGlobalSection
EndGlobal
