
Microsoft Visual Studio Solution File, Format Version 12.00
# Visual Studio Version 17
VisualStudioVersion = 17.12.35309.182
MinimumVisualStudioVersion = 10.0.40219.1
Project("{FAE04EC0-301F-11D3-BF4B-00C04F79EFBC}") = "StrategyPattern", "StrategyPattern\StrategyPattern.csproj", "{AB12B428-DDCD-4E55-8F47-C5F95538D6A1}"
EndProject
Project("{FAE04EC0-301F-11D3-BF4B-00C04F79EFBC}") = "SingletonPattern", "SingletonPattern\SingletonPattern.csproj", "{2B920A6D-45A5-4B4A-9A52-E4E7D60C9C37}"
EndProject
Project("{FAE04EC0-301F-11D3-BF4B-00C04F79EFBC}") = "CommandPattern", "CommandPattern\CommandPattern.csproj", "{A8E574ED-ABB1-492B-86B4-94D04495581F}"
EndProject
Project("{FAE04EC0-301F-11D3-BF4B-00C04F79EFBC}") = "BuilderPattern", "BuilderPattern\BuilderPattern.csproj", "{3BA8F22B-530C-4435-8DBB-A2FBB7EC2A8C}"
EndProject
Project("{FAE04EC0-301F-11D3-BF4B-00C04F79EFBC}") = "DecoratorPattern", "DecoratorPattern\DecoratorPattern.csproj", "{346BE79D-7C6B-4AF7-BABC-ECC3B06A35C2}"
EndProject
Project("{FAE04EC0-301F-11D3-BF4B-00C04F79EFBC}") = "MediatorPattern", "MediatorPattern\MediatorPattern.csproj", "{8047F0E3-21D6-4634-8F41-8F2C0DB25A55}"
EndProject
Project("{FAE04EC0-301F-11D3-BF4B-00C04F79EFBC}") = "AbstractFactoryPattern", "AbstractFactoryPattern\AbstractFactoryPattern.csproj", "{DBC70EF7-B2FD-4303-9B84-3D2346A7D1A4}"
EndProject
Project("{FAE04EC0-301F-11D3-BF4B-00C04F79EFBC}") = "FactoryPattern", "FactoryPattern\FactoryPattern.csproj", "{EAE977EE-7585-4DC4-95EF-429EE1BEE095}"
EndProject
Global
	GlobalSection(SolutionConfigurationPlatforms) = preSolution
		Debug|Any CPU = Debug|Any CPU
		Release|Any CPU = Release|Any CPU
	EndGlobalSection
	GlobalSection(ProjectConfigurationPlatforms) = postSolution
		{AB12B428-DDCD-4E55-8F47-C5F95538D6A1}.Debug|Any CPU.ActiveCfg = Debug|Any CPU
		{AB12B428-DDCD-4E55-8F47-C5F95538D6A1}.Debug|Any CPU.Build.0 = Debug|Any CPU
		{AB12B428-DDCD-4E55-8F47-C5F95538D6A1}.Release|Any CPU.ActiveCfg = Release|Any CPU
		{AB12B428-DDCD-4E55-8F47-C5F95538D6A1}.Release|Any CPU.Build.0 = Release|Any CPU
		{2B920A6D-45A5-4B4A-9A52-E4E7D60C9C37}.Debug|Any CPU.ActiveCfg = Debug|Any CPU
		{2B920A6D-45A5-4B4A-9A52-E4E7D60C9C37}.Debug|Any CPU.Build.0 = Debug|Any CPU
		{2B920A6D-45A5-4B4A-9A52-E4E7D60C9C37}.Release|Any CPU.ActiveCfg = Release|Any CPU
		{2B920A6D-45A5-4B4A-9A52-E4E7D60C9C37}.Release|Any CPU.Build.0 = Release|Any CPU
		{A8E574ED-ABB1-492B-86B4-94D04495581F}.Debug|Any CPU.ActiveCfg = Debug|Any CPU
		{A8E574ED-ABB1-492B-86B4-94D04495581F}.Debug|Any CPU.Build.0 = Debug|Any CPU
		{A8E574ED-ABB1-492B-86B4-94D04495581F}.Release|Any CPU.ActiveCfg = Release|Any CPU
		{A8E574ED-ABB1-492B-86B4-94D04495581F}.Release|Any CPU.Build.0 = Release|Any CPU
		{3BA8F22B-530C-4435-8DBB-A2FBB7EC2A8C}.Debug|Any CPU.ActiveCfg = Debug|Any CPU
		{3BA8F22B-530C-4435-8DBB-A2FBB7EC2A8C}.Debug|Any CPU.Build.0 = Debug|Any CPU
		{3BA8F22B-530C-4435-8DBB-A2FBB7EC2A8C}.Release|Any CPU.ActiveCfg = Release|Any CPU
		{3BA8F22B-530C-4435-8DBB-A2FBB7EC2A8C}.Release|Any CPU.Build.0 = Release|Any CPU
		{346BE79D-7C6B-4AF7-BABC-ECC3B06A35C2}.Debug|Any CPU.ActiveCfg = Debug|Any CPU
		{346BE79D-7C6B-4AF7-BABC-ECC3B06A35C2}.Debug|Any CPU.Build.0 = Debug|Any CPU
		{346BE79D-7C6B-4AF7-BABC-ECC3B06A35C2}.Release|Any CPU.ActiveCfg = Release|Any CPU
		{346BE79D-7C6B-4AF7-BABC-ECC3B06A35C2}.Release|Any CPU.Build.0 = Release|Any CPU
		{8047F0E3-21D6-4634-8F41-8F2C0DB25A55}.Debug|Any CPU.ActiveCfg = Debug|Any CPU
		{8047F0E3-21D6-4634-8F41-8F2C0DB25A55}.Debug|Any CPU.Build.0 = Debug|Any CPU
		{8047F0E3-21D6-4634-8F41-8F2C0DB25A55}.Release|Any CPU.ActiveCfg = Release|Any CPU
		{8047F0E3-21D6-4634-8F41-8F2C0DB25A55}.Release|Any CPU.Build.0 = Release|Any CPU
		{DBC70EF7-B2FD-4303-9B84-3D2346A7D1A4}.Debug|Any CPU.ActiveCfg = Debug|Any CPU
		{DBC70EF7-B2FD-4303-9B84-3D2346A7D1A4}.Debug|Any CPU.Build.0 = Debug|Any CPU
		{DBC70EF7-B2FD-4303-9B84-3D2346A7D1A4}.Release|Any CPU.ActiveCfg = Release|Any CPU
		{DBC70EF7-B2FD-4303-9B84-3D2346A7D1A4}.Release|Any CPU.Build.0 = Release|Any CPU
		{EAE977EE-7585-4DC4-95EF-429EE1BEE095}.Debug|Any CPU.ActiveCfg = Debug|Any CPU
		{EAE977EE-7585-4DC4-95EF-429EE1BEE095}.Debug|Any CPU.Build.0 = Debug|Any CPU
		{EAE977EE-7585-4DC4-95EF-429EE1BEE095}.Release|Any CPU.ActiveCfg = Release|Any CPU
		{EAE977EE-7585-4DC4-95EF-429EE1BEE095}.Release|Any CPU.Build.0 = Release|Any CPU
	EndGlobalSection
	GlobalSection(SolutionProperties) = preSolution
		HideSolutionNode = FALSE
	EndGlobalSection
	GlobalSection(ExtensibilityGlobals) = postSolution
		SolutionGuid = {53432A37-5215-4476-917D-2CE77D24CCAD}
	EndGlobalSection
EndGlobal
